// !$*UTF8*$!
{
	archiveVersion = 1;
	classes = {
	};
	objectVersion = 46;
	objects = {

/* Begin PBXBuildFile section */
		578806F31E5526A7003054E1 /* AppDelegate.swift in Sources */ = {isa = PBXBuildFile; fileRef = 578806F21E5526A7003054E1 /* AppDelegate.swift */; };
		578806F51E5526A7003054E1 /* ViewController.swift in Sources */ = {isa = PBXBuildFile; fileRef = 578806F41E5526A7003054E1 /* ViewController.swift */; };
		578806F81E5526A7003054E1 /* Main.storyboard in Resources */ = {isa = PBXBuildFile; fileRef = 578806F61E5526A7003054E1 /* Main.storyboard */; };
		578806FA1E5526A7003054E1 /* Assets.xcassets in Resources */ = {isa = PBXBuildFile; fileRef = 578806F91E5526A7003054E1 /* Assets.xcassets */; };
		578806FD1E5526A7003054E1 /* LaunchScreen.storyboard in Resources */ = {isa = PBXBuildFile; fileRef = 578806FB1E5526A7003054E1 /* LaunchScreen.storyboard */; };
		578807081E5526A7003054E1 /* RealmTasksTutorialTests.swift in Sources */ = {isa = PBXBuildFile; fileRef = 578807071E5526A7003054E1 /* RealmTasksTutorialTests.swift */; };
		578807131E5526A7003054E1 /* RealmTasksTutorialUITests.swift in Sources */ = {isa = PBXBuildFile; fileRef = 578807121E5526A7003054E1 /* RealmTasksTutorialUITests.swift */; };
/* End PBXBuildFile section */

/* Begin PBXContainerItemProxy section */
		578807041E5526A7003054E1 /* PBXContainerItemProxy */ = {
			isa = PBXContainerItemProxy;
			containerPortal = 578806E71E5526A7003054E1 /* Project object */;
			proxyType = 1;
			remoteGlobalIDString = 578806EE1E5526A7003054E1;
			remoteInfo = RealmTasksTutorial;
		};
		5788070F1E5526A7003054E1 /* PBXContainerItemProxy */ = {
			isa = PBXContainerItemProxy;
			containerPortal = 578806E71E5526A7003054E1 /* Project object */;
			proxyType = 1;
			remoteGlobalIDString = 578806EE1E5526A7003054E1;
			remoteInfo = RealmTasksTutorial;
		};
/* End PBXContainerItemProxy section */

/* Begin PBXFileReference section */
		578806EF1E5526A7003054E1 /* RealmTasksTutorial.app */ = {isa = PBXFileReference; explicitFileType = wrapper.application; includeInIndex = 0; path = RealmTasksTutorial.app; sourceTree = BUILT_PRODUCTS_DIR; };
		578806F21E5526A7003054E1 /* AppDelegate.swift */ = {isa = PBXFileReference; lastKnownFileType = sourcecode.swift; path = AppDelegate.swift; sourceTree = "<group>"; };
		578806F41E5526A7003054E1 /* ViewController.swift */ = {isa = PBXFileReference; lastKnownFileType = sourcecode.swift; path = ViewController.swift; sourceTree = "<group>"; };
		578806F71E5526A7003054E1 /* Base */ = {isa = PBXFileReference; lastKnownFileType = file.storyboard; name = Base; path = Base.lproj/Main.storyboard; sourceTree = "<group>"; };
		578806F91E5526A7003054E1 /* Assets.xcassets */ = {isa = PBXFileReference; lastKnownFileType = folder.assetcatalog; path = Assets.xcassets; sourceTree = "<group>"; };
		578806FC1E5526A7003054E1 /* Base */ = {isa = PBXFileReference; lastKnownFileType = file.storyboard; name = Base; path = Base.lproj/LaunchScreen.storyboard; sourceTree = "<group>"; };
		578806FE1E5526A7003054E1 /* Info.plist */ = {isa = PBXFileReference; lastKnownFileType = text.plist.xml; path = Info.plist; sourceTree = "<group>"; };
		578807031E5526A7003054E1 /* RealmTasksTutorialTests.xctest */ = {isa = PBXFileReference; explicitFileType = wrapper.cfbundle; includeInIndex = 0; path = RealmTasksTutorialTests.xctest; sourceTree = BUILT_PRODUCTS_DIR; };
		578807071E5526A7003054E1 /* RealmTasksTutorialTests.swift */ = {isa = PBXFileReference; lastKnownFileType = sourcecode.swift; path = RealmTasksTutorialTests.swift; sourceTree = "<group>"; };
		578807091E5526A7003054E1 /* Info.plist */ = {isa = PBXFileReference; lastKnownFileType = text.plist.xml; path = Info.plist; sourceTree = "<group>"; };
		5788070E1E5526A7003054E1 /* RealmTasksTutorialUITests.xctest */ = {isa = PBXFileReference; explicitFileType = wrapper.cfbundle; includeInIndex = 0; path = RealmTasksTutorialUITests.xctest; sourceTree = BUILT_PRODUCTS_DIR; };
		578807121E5526A7003054E1 /* RealmTasksTutorialUITests.swift */ = {isa = PBXFileReference; lastKnownFileType = sourcecode.swift; path = RealmTasksTutorialUITests.swift; sourceTree = "<group>"; };
		578807141E5526A7003054E1 /* Info.plist */ = {isa = PBXFileReference; lastKnownFileType = text.plist.xml; path = Info.plist; sourceTree = "<group>"; };
/* End PBXFileReference section */

/* Begin PBXFrameworksBuildPhase section */
		578806EC1E5526A7003054E1 /* Frameworks */ = {
			isa = PBXFrameworksBuildPhase;
			buildActionMask = 2147483647;
			files = (
			);
			runOnlyForDeploymentPostprocessing = 0;
		};
		578807001E5526A7003054E1 /* Frameworks */ = {
			isa = PBXFrameworksBuildPhase;
			buildActionMask = 2147483647;
			files = (
			);
			runOnlyForDeploymentPostprocessing = 0;
		};
		5788070B1E5526A7003054E1 /* Frameworks */ = {
			isa = PBXFrameworksBuildPhase;
			buildActionMask = 2147483647;
			files = (
			);
			runOnlyForDeploymentPostprocessing = 0;
		};
/* End PBXFrameworksBuildPhase section */

/* Begin PBXGroup section */
		578806E61E5526A7003054E1 = {
			isa = PBXGroup;
			children = (
				578806F11E5526A7003054E1 /* RealmTasksTutorial */,
				578807061E5526A7003054E1 /* RealmTasksTutorialTests */,
				578807111E5526A7003054E1 /* RealmTasksTutorialUITests */,
				578806F01E5526A7003054E1 /* Products */,
			);
			sourceTree = "<group>";
		};
		578806F01E5526A7003054E1 /* Products */ = {
			isa = PBXGroup;
			children = (
				578806EF1E5526A7003054E1 /* RealmTasksTutorial.app */,
				578807031E5526A7003054E1 /* RealmTasksTutorialTests.xctest */,
				5788070E1E5526A7003054E1 /* RealmTasksTutorialUITests.xctest */,
			);
			name = Products;
			sourceTree = "<group>";
		};
		578806F11E5526A7003054E1 /* RealmTasksTutorial */ = {
			isa = PBXGroup;
			children = (
				578806F21E5526A7003054E1 /* AppDelegate.swift */,
				578806F41E5526A7003054E1 /* ViewController.swift */,
				578806F61E5526A7003054E1 /* Main.storyboard */,
				578806F91E5526A7003054E1 /* Assets.xcassets */,
				578806FB1E5526A7003054E1 /* LaunchScreen.storyboard */,
				578806FE1E5526A7003054E1 /* Info.plist */,
			);
			path = RealmTasksTutorial;
			sourceTree = "<group>";
		};
		578807061E5526A7003054E1 /* RealmTasksTutorialTests */ = {
			isa = PBXGroup;
			children = (
				578807071E5526A7003054E1 /* RealmTasksTutorialTests.swift */,
				578807091E5526A7003054E1 /* Info.plist */,
			);
			path = RealmTasksTutorialTests;
			sourceTree = "<group>";
		};
		578807111E5526A7003054E1 /* RealmTasksTutorialUITests */ = {
			isa = PBXGroup;
			children = (
				578807121E5526A7003054E1 /* RealmTasksTutorialUITests.swift */,
				578807141E5526A7003054E1 /* Info.plist */,
			);
			path = RealmTasksTutorialUITests;
			sourceTree = "<group>";
		};
/* End PBXGroup section */

/* Begin PBXNativeTarget section */
		578806EE1E5526A7003054E1 /* RealmTasksTutorial */ = {
			isa = PBXNativeTarget;
			buildConfigurationList = 578807171E5526A7003054E1 /* Build configuration list for PBXNativeTarget "RealmTasksTutorial" */;
			buildPhases = (
				578806EB1E5526A7003054E1 /* Sources */,
				578806EC1E5526A7003054E1 /* Frameworks */,
				578806ED1E5526A7003054E1 /* Resources */,
			);
			buildRules = (
			);
			dependencies = (
			);
			name = RealmTasksTutorial;
			productName = RealmTasksTutorial;
			productReference = 578806EF1E5526A7003054E1 /* RealmTasksTutorial.app */;
			productType = "com.apple.product-type.application";
		};
		578807021E5526A7003054E1 /* RealmTasksTutorialTests */ = {
			isa = PBXNativeTarget;
			buildConfigurationList = 5788071A1E5526A7003054E1 /* Build configuration list for PBXNativeTarget "RealmTasksTutorialTests" */;
			buildPhases = (
				578806FF1E5526A7003054E1 /* Sources */,
				578807001E5526A7003054E1 /* Frameworks */,
				578807011E5526A7003054E1 /* Resources */,
			);
			buildRules = (
			);
			dependencies = (
				578807051E5526A7003054E1 /* PBXTargetDependency */,
			);
			name = RealmTasksTutorialTests;
			productName = RealmTasksTutorialTests;
			productReference = 578807031E5526A7003054E1 /* RealmTasksTutorialTests.xctest */;
			productType = "com.apple.product-type.bundle.unit-test";
		};
		5788070D1E5526A7003054E1 /* RealmTasksTutorialUITests */ = {
			isa = PBXNativeTarget;
			buildConfigurationList = 5788071D1E5526A7003054E1 /* Build configuration list for PBXNativeTarget "RealmTasksTutorialUITests" */;
			buildPhases = (
				5788070A1E5526A7003054E1 /* Sources */,
				5788070B1E5526A7003054E1 /* Frameworks */,
				5788070C1E5526A7003054E1 /* Resources */,
			);
			buildRules = (
			);
			dependencies = (
				578807101E5526A7003054E1 /* PBXTargetDependency */,
			);
			name = RealmTasksTutorialUITests;
			productName = RealmTasksTutorialUITests;
			productReference = 5788070E1E5526A7003054E1 /* RealmTasksTutorialUITests.xctest */;
			productType = "com.apple.product-type.bundle.ui-testing";
		};
/* End PBXNativeTarget section */

/* Begin PBXProject section */
		578806E71E5526A7003054E1 /* Project object */ = {
			isa = PBXProject;
			attributes = {
				LastSwiftUpdateCheck = 0820;
				LastUpgradeCheck = 0820;
				ORGANIZATIONNAME = YashBhartia;
				TargetAttributes = {
					578806EE1E5526A7003054E1 = {
						CreatedOnToolsVersion = 8.2.1;
						DevelopmentTeam = K95ZKBML2Z;
						ProvisioningStyle = Automatic;
					};
					578807021E5526A7003054E1 = {
						CreatedOnToolsVersion = 8.2.1;
						DevelopmentTeam = K95ZKBML2Z;
						ProvisioningStyle = Automatic;
						TestTargetID = 578806EE1E5526A7003054E1;
					};
					5788070D1E5526A7003054E1 = {
						CreatedOnToolsVersion = 8.2.1;
						DevelopmentTeam = K95ZKBML2Z;
						ProvisioningStyle = Automatic;
						TestTargetID = 578806EE1E5526A7003054E1;
					};
				};
			};
			buildConfigurationList = 578806EA1E5526A7003054E1 /* Build configuration list for PBXProject "RealmTasksTutorial" */;
			compatibilityVersion = "Xcode 3.2";
			developmentRegion = English;
			hasScannedForEncodings = 0;
			knownRegions = (
				en,
				Base,
			);
			mainGroup = 578806E61E5526A7003054E1;
			productRefGroup = 578806F01E5526A7003054E1 /* Products */;
			projectDirPath = "";
			projectRoot = "";
			targets = (
				578806EE1E5526A7003054E1 /* RealmTasksTutorial */,
				578807021E5526A7003054E1 /* RealmTasksTutorialTests */,
				5788070D1E5526A7003054E1 /* RealmTasksTutorialUITests */,
			);
		};
/* End PBXProject section */

/* Begin PBXResourcesBuildPhase section */
		578806ED1E5526A7003054E1 /* Resources */ = {
			isa = PBXResourcesBuildPhase;
			buildActionMask = 2147483647;
			files = (
				578806FD1E5526A7003054E1 /* LaunchScreen.storyboard in Resources */,
				578806FA1E5526A7003054E1 /* Assets.xcassets in Resources */,
				578806F81E5526A7003054E1 /* Main.storyboard in Resources */,
			);
			runOnlyForDeploymentPostprocessing = 0;
		};
		578807011E5526A7003054E1 /* Resources */ = {
			isa = PBXResourcesBuildPhase;
			buildActionMask = 2147483647;
			files = (
			);
			runOnlyForDeploymentPostprocessing = 0;
		};
		5788070C1E5526A7003054E1 /* Resources */ = {
			isa = PBXResourcesBuildPhase;
			buildActionMask = 2147483647;
			files = (
			);
			runOnlyForDeploymentPostprocessing = 0;
		};
/* End PBXResourcesBuildPhase section */

/* Begin PBXSourcesBuildPhase section */
		578806EB1E5526A7003054E1 /* Sources */ = {
			isa = PBXSourcesBuildPhase;
			buildActionMask = 2147483647;
			files = (
				578806F51E5526A7003054E1 /* ViewController.swift in Sources */,
				578806F31E5526A7003054E1 /* AppDelegate.swift in Sources */,
			);
			runOnlyForDeploymentPostprocessing = 0;
		};
		578806FF1E5526A7003054E1 /* Sources */ = {
			isa = PBXSourcesBuildPhase;
			buildActionMask = 2147483647;
			files = (
				578807081E5526A7003054E1 /* RealmTasksTutorialTests.swift in Sources */,
			);
			runOnlyForDeploymentPostprocessing = 0;
		};
		5788070A1E5526A7003054E1 /* Sources */ = {
			isa = PBXSourcesBuildPhase;
			buildActionMask = 2147483647;
			files = (
				578807131E5526A7003054E1 /* RealmTasksTutorialUITests.swift in Sources */,
			);
			runOnlyForDeploymentPostprocessing = 0;
		};
/* End PBXSourcesBuildPhase section */

/* Begin PBXTargetDependency section */
		578807051E5526A7003054E1 /* PBXTargetDependency */ = {
			isa = PBXTargetDependency;
			target = 578806EE1E5526A7003054E1 /* RealmTasksTutorial */;
			targetProxy = 578807041E5526A7003054E1 /* PBXContainerItemProxy */;
		};
		578807101E5526A7003054E1 /* PBXTargetDependency */ = {
			isa = PBXTargetDependency;
			target = 578806EE1E5526A7003054E1 /* RealmTasksTutorial */;
			targetProxy = 5788070F1E5526A7003054E1 /* PBXContainerItemProxy */;
		};
/* End PBXTargetDependency section */

/* Begin PBXVariantGroup section */
		578806F61E5526A7003054E1 /* Main.storyboard */ = {
			isa = PBXVariantGroup;
			children = (
				578806F71E5526A7003054E1 /* Base */,
			);
			name = Main.storyboard;
			sourceTree = "<group>";
		};
		578806FB1E5526A7003054E1 /* LaunchScreen.storyboard */ = {
			isa = PBXVariantGroup;
			children = (
				578806FC1E5526A7003054E1 /* Base */,
			);
			name = LaunchScreen.storyboard;
			sourceTree = "<group>";
		};
/* End PBXVariantGroup section */

/* Begin XCBuildConfiguration section */
		578807151E5526A7003054E1 /* Debug */ = {
			isa = XCBuildConfiguration;
			buildSettings = {
				ALWAYS_SEARCH_USER_PATHS = NO;
				CLANG_ANALYZER_NONNULL = YES;
				CLANG_CXX_LANGUAGE_STANDARD = "gnu++0x";
				CLANG_CXX_LIBRARY = "libc++";
				CLANG_ENABLE_MODULES = YES;
				CLANG_ENABLE_OBJC_ARC = YES;
				CLANG_WARN_BOOL_CONVERSION = YES;
				CLANG_WARN_CONSTANT_CONVERSION = YES;
				CLANG_WARN_DIRECT_OBJC_ISA_USAGE = YES_ERROR;
				CLANG_WARN_DOCUMENTATION_COMMENTS = YES;
				CLANG_WARN_EMPTY_BODY = YES;
				CLANG_WARN_ENUM_CONVERSION = YES;
				CLANG_WARN_INFINITE_RECURSION = YES;
				CLANG_WARN_INT_CONVERSION = YES;
				CLANG_WARN_OBJC_ROOT_CLASS = YES_ERROR;
				CLANG_WARN_SUSPICIOUS_MOVE = YES;
				CLANG_WARN_UNREACHABLE_CODE = YES;
				CLANG_WARN__DUPLICATE_METHOD_MATCH = YES;
				"CODE_SIGN_IDENTITY[sdk=iphoneos*]" = "iPhone Developer";
				COPY_PHASE_STRIP = NO;
				DEBUG_INFORMATION_FORMAT = dwarf;
				ENABLE_STRICT_OBJC_MSGSEND = YES;
				ENABLE_TESTABILITY = YES;
				GCC_C_LANGUAGE_STANDARD = gnu99;
				GCC_DYNAMIC_NO_PIC = NO;
				GCC_NO_COMMON_BLOCKS = YES;
				GCC_OPTIMIZATION_LEVEL = 0;
				GCC_PREPROCESSOR_DEFINITIONS = (
					"DEBUG=1",
					"$(inherited)",
				);
				GCC_WARN_64_TO_32_BIT_CONVERSION = YES;
				GCC_WARN_ABOUT_RETURN_TYPE = YES_ERROR;
				GCC_WARN_UNDECLARED_SELECTOR = YES;
				GCC_WARN_UNINITIALIZED_AUTOS = YES_AGGRESSIVE;
				GCC_WARN_UNUSED_FUNCTION = YES;
				GCC_WARN_UNUSED_VARIABLE = YES;
				IPHONEOS_DEPLOYMENT_TARGET = 10.2;
				MTL_ENABLE_DEBUG_INFO = YES;
				ONLY_ACTIVE_ARCH = YES;
				SDKROOT = iphoneos;
				SWIFT_ACTIVE_COMPILATION_CONDITIONS = DEBUG;
				SWIFT_OPTIMIZATION_LEVEL = "-Onone";
				TARGETED_DEVICE_FAMILY = "1,2";
			};
			name = Debug;
		};
		578807161E5526A7003054E1 /* Release */ = {
			isa = XCBuildConfiguration;
			buildSettings = {
				ALWAYS_SEARCH_USER_PATHS = NO;
				CLANG_ANALYZER_NONNULL = YES;
				CLANG_CXX_LANGUAGE_STANDARD = "gnu++0x";
				CLANG_CXX_LIBRARY = "libc++";
				CLANG_ENABLE_MODULES = YES;
				CLANG_ENABLE_OBJC_ARC = YES;
				CLANG_WARN_BOOL_CONVERSION = YES;
				CLANG_WARN_CONSTANT_CONVERSION = YES;
				CLANG_WARN_DIRECT_OBJC_ISA_USAGE = YES_ERROR;
				CLANG_WARN_DOCUMENTATION_COMMENTS = YES;
				CLANG_WARN_EMPTY_BODY = YES;
				CLANG_WARN_ENUM_CONVERSION = YES;
				CLANG_WARN_INFINITE_RECURSION = YES;
				CLANG_WARN_INT_CONVERSION = YES;
				CLANG_WARN_OBJC_ROOT_CLASS = YES_ERROR;
				CLANG_WARN_SUSPICIOUS_MOVE = YES;
				CLANG_WARN_UNREACHABLE_CODE = YES;
				CLANG_WARN__DUPLICATE_METHOD_MATCH = YES;
				"CODE_SIGN_IDENTITY[sdk=iphoneos*]" = "iPhone Developer";
				COPY_PHASE_STRIP = NO;
				DEBUG_INFORMATION_FORMAT = "dwarf-with-dsym";
				ENABLE_NS_ASSERTIONS = NO;
				ENABLE_STRICT_OBJC_MSGSEND = YES;
				GCC_C_LANGUAGE_STANDARD = gnu99;
				GCC_NO_COMMON_BLOCKS = YES;
				GCC_WARN_64_TO_32_BIT_CONVERSION = YES;
				GCC_WARN_ABOUT_RETURN_TYPE = YES_ERROR;
				GCC_WARN_UNDECLARED_SELECTOR = YES;
				GCC_WARN_UNINITIALIZED_AUTOS = YES_AGGRESSIVE;
				GCC_WARN_UNUSED_FUNCTION = YES;
				GCC_WARN_UNUSED_VARIABLE = YES;
				IPHONEOS_DEPLOYMENT_TARGET = 10.2;
				MTL_ENABLE_DEBUG_INFO = NO;
				SDKROOT = iphoneos;
				SWIFT_OPTIMIZATION_LEVEL = "-Owholemodule";
				TARGETED_DEVICE_FAMILY = "1,2";
				VALIDATE_PRODUCT = YES;
			};
			name = Release;
		};
		578807181E5526A7003054E1 /* Debug */ = {
			isa = XCBuildConfiguration;
			buildSettings = {
				ASSETCATALOG_COMPILER_APPICON_NAME = AppIcon;
				DEVELOPMENT_TEAM = K95ZKBML2Z;
				INFOPLIST_FILE = RealmTasksTutorial/Info.plist;
				LD_RUNPATH_SEARCH_PATHS = "$(inherited) @executable_path/Frameworks";
				PRODUCT_BUNDLE_IDENTIFIER = YashBhartia.RealmTasksTutorial;
				PRODUCT_NAME = "$(TARGET_NAME)";
				SWIFT_VERSION = 3.0;
			};
			name = Debug;
		};
		578807191E5526A7003054E1 /* Release */ = {
			isa = XCBuildConfiguration;
			buildSettings = {
				ASSETCATALOG_COMPILER_APPICON_NAME = AppIcon;
				DEVELOPMENT_TEAM = K95ZKBML2Z;
				INFOPLIST_FILE = RealmTasksTutorial/Info.plist;
				LD_RUNPATH_SEARCH_PATHS = "$(inherited) @executable_path/Frameworks";
				PRODUCT_BUNDLE_IDENTIFIER = YashBhartia.RealmTasksTutorial;
				PRODUCT_NAME = "$(TARGET_NAME)";
				SWIFT_VERSION = 3.0;
			};
			name = Release;
		};
		5788071B1E5526A7003054E1 /* Debug */ = {
			isa = XCBuildConfiguration;
			buildSettings = {
				ALWAYS_EMBED_SWIFT_STANDARD_LIBRARIES = YES;
				BUNDLE_LOADER = "$(TEST_HOST)";
				DEVELOPMENT_TEAM = K95ZKBML2Z;
				INFOPLIST_FILE = RealmTasksTutorialTests/Info.plist;
				LD_RUNPATH_SEARCH_PATHS = "$(inherited) @executable_path/Frameworks @loader_path/Frameworks";
				PRODUCT_BUNDLE_IDENTIFIER = YashBhartia.RealmTasksTutorialTests;
				PRODUCT_NAME = "$(TARGET_NAME)";
				SWIFT_VERSION = 3.0;
				TEST_HOST = "$(BUILT_PRODUCTS_DIR)/RealmTasksTutorial.app/RealmTasksTutorial";
			};
			name = Debug;
		};
		5788071C1E5526A7003054E1 /* Release */ = {
			isa = XCBuildConfiguration;
			buildSettings = {
				ALWAYS_EMBED_SWIFT_STANDARD_LIBRARIES = YES;
				BUNDLE_LOADER = "$(TEST_HOST)";
				DEVELOPMENT_TEAM = K95ZKBML2Z;
				INFOPLIST_FILE = RealmTasksTutorialTests/Info.plist;
				LD_RUNPATH_SEARCH_PATHS = "$(inherited) @executable_path/Frameworks @loader_path/Frameworks";
				PRODUCT_BUNDLE_IDENTIFIER = YashBhartia.RealmTasksTutorialTests;
				PRODUCT_NAME = "$(TARGET_NAME)";
				SWIFT_VERSION = 3.0;
				TEST_HOST = "$(BUILT_PRODUCTS_DIR)/RealmTasksTutorial.app/RealmTasksTutorial";
			};
			name = Release;
		};
		5788071E1E5526A7003054E1 /* Debug */ = {
			isa = XCBuildConfiguration;
			buildSettings = {
				ALWAYS_EMBED_SWIFT_STANDARD_LIBRARIES = YES;
				DEVELOPMENT_TEAM = K95ZKBML2Z;
				INFOPLIST_FILE = RealmTasksTutorialUITests/Info.plist;
				LD_RUNPATH_SEARCH_PATHS = "$(inherited) @executable_path/Frameworks @loader_path/Frameworks";
				PRODUCT_BUNDLE_IDENTIFIER = YashBhartia.RealmTasksTutorialUITests;
				PRODUCT_NAME = "$(TARGET_NAME)";
				SWIFT_VERSION = 3.0;
				TEST_TARGET_NAME = RealmTasksTutorial;
			};
			name = Debug;
		};
		5788071F1E5526A7003054E1 /* Release */ = {
			isa = XCBuildConfiguration;
			buildSettings = {
				ALWAYS_EMBED_SWIFT_STANDARD_LIBRARIES = YES;
				DEVELOPMENT_TEAM = K95ZKBML2Z;
				INFOPLIST_FILE = RealmTasksTutorialUITests/Info.plist;
				LD_RUNPATH_SEARCH_PATHS = "$(inherited) @executable_path/Frameworks @loader_path/Frameworks";
				PRODUCT_BUNDLE_IDENTIFIER = YashBhartia.RealmTasksTutorialUITests;
				PRODUCT_NAME = "$(TARGET_NAME)";
				SWIFT_VERSION = 3.0;
				TEST_TARGET_NAME = RealmTasksTutorial;
			};
			name = Release;
		};
/* End XCBuildConfiguration section */

/* Begin XCConfigurationList section */
		578806EA1E5526A7003054E1 /* Build configuration list for PBXProject "RealmTasksTutorial" */ = {
			isa = XCConfigurationList;
			buildConfigurations = (
				578807151E5526A7003054E1 /* Debug */,
				578807161E5526A7003054E1 /* Release */,
			);
			defaultConfigurationIsVisible = 0;
			defaultConfigurationName = Release;
		};
		578807171E5526A7003054E1 /* Build configuration list for PBXNativeTarget "RealmTasksTutorial" */ = {
			isa = XCConfigurationList;
			buildConfigurations = (
				578807181E5526A7003054E1 /* Debug */,
				578807191E5526A7003054E1 /* Release */,
			);
			defaultConfigurationIsVisible = 0;
		};
		5788071A1E5526A7003054E1 /* Build configuration list for PBXNativeTarget "RealmTasksTutorialTests" */ = {
			isa = XCConfigurationList;
			buildConfigurations = (
				5788071B1E5526A7003054E1 /* Debug */,
				5788071C1E5526A7003054E1 /* Release */,
			);
			defaultConfigurationIsVisible = 0;
		};
		5788071D1E5526A7003054E1 /* Build configuration list for PBXNativeTarget "RealmTasksTutorialUITests" */ = {
			isa = XCConfigurationList;
			buildConfigurations = (
				5788071E1E5526A7003054E1 /* Debug */,
				5788071F1E5526A7003054E1 /* Release */,
			);
			defaultConfigurationIsVisible = 0;
		};
/* End XCConfigurationList section */
	};
	rootObject = 578806E71E5526A7003054E1 /* Project object */;
}
